
Microsoft Visual Studio Solution File, Format Version 12.00
# Visual Studio Version 17
VisualStudioVersion = 17.8.34511.84
MinimumVisualStudioVersion = 10.0.40219.1
Project("{FAE04EC0-301F-11D3-BF4B-00C04F79EFBC}") = "Portfolio", "Portfolio\Portfolio.csproj", "{18458D8B-883C-4673-BB25-51AAE0519605}"
EndProject
Global
	GlobalSection(SolutionConfigurationPlatforms) = preSolution
		Debug|Any CPU = Debug|Any CPU
		Release|Any CPU = Release|Any CPU
	EndGlobalSection
	GlobalSection(ProjectConfigurationPlatforms) = postSolution
		{18458D8B-883C-4673-BB25-51AAE0519605}.Debug|Any CPU.ActiveCfg = Debug|Any CPU
		{18458D8B-883C-4673-BB25-51AAE0519605}.Debug|Any CPU.Build.0 = Debug|Any CPU
		{18458D8B-883C-4673-BB25-51AAE0519605}.Release|Any CPU.ActiveCfg = Release|Any CPU
		{18458D8B-883C-4673-BB25-51AAE0519605}.Release|Any CPU.Build.0 = Release|Any CPU
	EndGlobalSection
	GlobalSection(SolutionProperties) = preSolution
		HideSolutionNode = FALSE
	EndGlobalSection
	GlobalSection(ExtensibilityGlobals) = postSolution
		SolutionGuid = {235A354A-AD6B-454B-A8F8-F8B518541829}
	EndGlobalSection
EndGlobal
